
Microsoft Visual Studio Solution File, Format Version 12.00
# Visual Studio Version 17
VisualStudioVersion = 17.0.31903.59
MinimumVisualStudioVersion = 10.0.40219.1
Project("{2150E333-8FDC-42A3-9474-1A3956D46DE8}") = "src", "src", "{D21F2C5C-CBBA-40CD-B6F2-5538D13EA482}"
EndProject
Project("{2150E333-8FDC-42A3-9474-1A3956D46DE8}") = "test", "test", "{B0958A15-A38A-4CF7-B84E-7733A86DD4EF}"
EndProject
Project("{9A19103F-16F7-4668-BE54-9A1E7A4F7556}") = "Api.Client", "src\ApiClient\Api.Client.csproj", "{EEF904F5-31D7-4295-881A-3ED6E3CC08FE}"
EndProject
Global
	GlobalSection(SolutionConfigurationPlatforms) = preSolution
		Debug|Any CPU = Debug|Any CPU
		Release|Any CPU = Release|Any CPU
	EndGlobalSection
	GlobalSection(ProjectConfigurationPlatforms) = postSolution
		{EEF904F5-31D7-4295-881A-3ED6E3CC08FE}.Debug|Any CPU.ActiveCfg = Debug|Any CPU
		{EEF904F5-31D7-4295-881A-3ED6E3CC08FE}.Debug|Any CPU.Build.0 = Debug|Any CPU
		{EEF904F5-31D7-4295-881A-3ED6E3CC08FE}.Release|Any CPU.ActiveCfg = Release|Any CPU
		{EEF904F5-31D7-4295-881A-3ED6E3CC08FE}.Release|Any CPU.Build.0 = Release|Any CPU
	EndGlobalSection
	GlobalSection(SolutionProperties) = preSolution
		HideSolutionNode = FALSE
	EndGlobalSection
	GlobalSection(NestedProjects) = preSolution
		{EEF904F5-31D7-4295-881A-3ED6E3CC08FE} = {D21F2C5C-CBBA-40CD-B6F2-5538D13EA482}
	EndGlobalSection
EndGlobal
